{"is_source_file": true, "file_id": 42, "git_revision": "", "state": 1, "description": "", "external_files": [], "external_methods": [], "published": [], "classes": [], "methods": [], "calls": [], "search-terms": [], "filename": "/home/kavia/workspace/code-generation/tictactoe-duo-102379-0c622dd6/tic_tac_toe_duo/post_process_status.lock", "hash": "e9b4c3b42cef0193b7fddb548d37e652", "format-version": 4, "code-base-name": "default", "knowledge_revision": 43}